[[package]]
name = "byteorder"
version = "1.2.7"
source = "registry+https://github.com/rust-lang/crates.io-index"

[[package]]
name = "fxhash"
version = "0.2.1"
source = "registry+https://github.com/rust-lang/crates.io-index"
dependencies = [
 "byteorder 1.2.7 (registry+https://github.com/rust-lang/crates.io-index)",
]

[[package]]
name = "logos"
version = "0.6.1"
dependencies = [
 "logos-derive 0.6.0 (registry+https://github.com/rust-lang/crates.io-index)",
 "toolshed 0.6.2 (registry+https://github.com/rust-lang/crates.io-index)",
]

[[package]]
name = "logos-derive"
version = "0.6.0"
dependencies = [
 "proc-macro2 0.4.20 (registry+https://github.com/rust-lang/crates.io-index)",
 "quote 0.6.9 (registry+https://github.com/rust-lang/crates.io-index)",
 "regex-syntax 0.6.3 (registry+https://github.com/rust-lang/crates.io-index)",
 "syn 0.15.18 (registry+https://github.com/rust-lang/crates.io-index)",
]

[[package]]
name = "logos-derive"
version = "0.6.0"
source = "registry+https://github.com/rust-lang/crates.io-index"
dependencies = [
 "proc-macro2 0.4.20 (registry+https://github.com/rust-lang/crates.io-index)",
 "quote 0.6.9 (registry+https://github.com/rust-lang/crates.io-index)",
 "regex-syntax 0.6.3 (registry+https://github.com/rust-lang/crates.io-index)",
 "syn 0.15.18 (registry+https://github.com/rust-lang/crates.io-index)",
]

[[package]]
name = "proc-macro2"
version = "0.4.20"
source = "registry+https://github.com/rust-lang/crates.io-index"
dependencies = [
 "unicode-xid 0.1.0 (registry+https://github.com/rust-lang/crates.io-index)",
]

[[package]]
name = "quote"
version = "0.6.9"
source = "registry+https://github.com/rust-lang/crates.io-index"
dependencies = [
 "proc-macro2 0.4.20 (registry+https://github.com/rust-lang/crates.io-index)",
]

[[package]]
name = "regex-syntax"
version = "0.6.3"
source = "registry+https://github.com/rust-lang/crates.io-index"
dependencies = [
 "ucd-util 0.1.2 (registry+https://github.com/rust-lang/crates.io-index)",
]

[[package]]
name = "syn"
version = "0.15.18"
source = "registry+https://github.com/rust-lang/crates.io-index"
dependencies = [
 "proc-macro2 0.4.20 (registry+https://github.com/rust-lang/crates.io-index)",
 "quote 0.6.9 (registry+https://github.com/rust-lang/crates.io-index)",
 "unicode-xid 0.1.0 (registry+https://github.com/rust-lang/crates.io-index)",
]

[[package]]
name = "tests"
version = "0.0.0"
dependencies = [
 "logos 0.6.1",
 "logos-derive 0.6.0",
 "toolshed 0.6.2 (registry+https://github.com/rust-lang/crates.io-index)",
]

[[package]]
name = "toolshed"
version = "0.6.2"
source = "registry+https://github.com/rust-lang/crates.io-index"
dependencies = [
 "fxhash 0.2.1 (registry+https://github.com/rust-lang/crates.io-index)",
]

[[package]]
name = "ucd-util"
version = "0.1.2"
source = "registry+https://github.com/rust-lang/crates.io-index"

[[package]]
name = "unicode-xid"
version = "0.1.0"
source = "registry+https://github.com/rust-lang/crates.io-index"

[metadata]
"checksum byteorder 1.2.7 (registry+https://github.com/rust-lang/crates.io-index)" = "94f88df23a25417badc922ab0f5716cc1330e87f71ddd9203b3a3ccd9cedf75d"
"checksum fxhash 0.2.1 (registry+https://github.com/rust-lang/crates.io-index)" = "c31b6d751ae2c7f11320402d34e41349dd1016f8d5d45e48c4312bc8625af50c"
"checksum logos-derive 0.6.0 (registry+https://github.com/rust-lang/crates.io-index)" = "f88819dac1563f0e8cc0a1371c6757128e73a38dfb0073b0d3707a165fa9359a"
"checksum proc-macro2 0.4.20 (registry+https://github.com/rust-lang/crates.io-index)" = "3d7b7eaaa90b4a90a932a9ea6666c95a389e424eff347f0f793979289429feee"
"checksum quote 0.6.9 (registry+https://github.com/rust-lang/crates.io-index)" = "63b5829244f52738cfee93b3a165c1911388675be000c888d2fae620dee8fa5b"
"checksum regex-syntax 0.6.3 (registry+https://github.com/rust-lang/crates.io-index)" = "fbc557aac2b708fe84121caf261346cc2eed71978024337e42eb46b8a252ac6e"
"checksum syn 0.15.18 (registry+https://github.com/rust-lang/crates.io-index)" = "90c39a061e2f412a9f869540471ab679e85e50c6b05604daf28bc3060f75c430"
"checksum toolshed 0.6.2 (registry+https://github.com/rust-lang/crates.io-index)" = "d686c1f8d0a8c365f024145b31dfcd249c55b7ea17fc8bdcbae3844e16892233"
"checksum ucd-util 0.1.2 (registry+https://github.com/rust-lang/crates.io-index)" = "d0f8bfa9ff0cadcd210129ad9d2c5f145c13e9ced3d3e5d948a6213487d52444"
"checksum unicode-xid 0.1.0 (registry+https://github.com/rust-lang/crates.io-index)" = "fc72304796d0818e357ead4e000d19c9c174ab23dc11093ac919054d20a6a7fc"
